// !$*UTF8*$!
{
	archiveVersion = 1;
	classes = {
	};
	objectVersion = 46;
	objects = {

/* Begin PBXBuildFile section */
		BE190A51190C3A7300607787 /* AHLaunchJobSchedule.h in Headers */ = {isa = PBXBuildFile; fileRef = BE190A4F190C3A7300607787 /* AHLaunchJobSchedule.h */; settings = {ATTRIBUTES = (Public, ); }; };
		BE190A52190C3A7300607787 /* AHLaunchJobSchedule.m in Sources */ = {isa = PBXBuildFile; fileRef = BE190A50190C3A7300607787 /* AHLaunchJobSchedule.m */; };
		BE6F549A18B114CC00826656 /* AHServiceManagement.h in Headers */ = {isa = PBXBuildFile; fileRef = BE6F549818B114CC00826656 /* AHServiceManagement.h */; };
		BE6F549B18B114CC00826656 /* AHServiceManagement.m in Sources */ = {isa = PBXBuildFile; fileRef = BE6F549918B114CC00826656 /* AHServiceManagement.m */; };
		BE76C6FF18A19369003C94A0 /* AHLaunchCtl.m in Sources */ = {isa = PBXBuildFile; fileRef = BE76C6FE18A19369003C94A0 /* AHLaunchCtl.m */; };
		BE854D8318AA71D6001548A8 /* AHAuthorizer.m in Sources */ = {isa = PBXBuildFile; fileRef = BE854D8118AA71D6001548A8 /* AHAuthorizer.m */; };
		BE8C6BDF1A9AE29F00E3558C /* main.m in Sources */ = {isa = PBXBuildFile; fileRef = BE8C6BDE1A9AE29F00E3558C /* main.m */; };
		BE8C6BE51A9AE3A400E3558C /* libAHLaunchCtl.a in Frameworks */ = {isa = PBXBuildFile; fileRef = BE76C6F118A19369003C94A0 /* libAHLaunchCtl.a */; };
		BE8C6BE61A9AE3B000E3558C /* ServiceManagement.framework in Frameworks */ = {isa = PBXBuildFile; fileRef = BE76C71B18A19B2C003C94A0 /* ServiceManagement.framework */; };
		BE8C6BE71A9AE3B700E3558C /* Security.framework in Frameworks */ = {isa = PBXBuildFile; fileRef = BE5B001018A48412000D8603 /* Security.framework */; };
		BE8C6BE81A9AE3C200E3558C /* SystemConfiguration.framework in Frameworks */ = {isa = PBXBuildFile; fileRef = BE76C71D18A19B42003C94A0 /* SystemConfiguration.framework */; };
		BE8EA57318B7ABC9008BEE58 /* NSFileManger+Privileged.m in Sources */ = {isa = PBXBuildFile; fileRef = BEA75B4018B531D700CA2672 /* NSFileManger+Privileged.m */; };
		BEAB0DD118AD4A0D004EE2FD /* AHLaunchCtl.h in Headers */ = {isa = PBXBuildFile; fileRef = BE76C6FD18A19369003C94A0 /* AHLaunchCtl.h */; settings = {ATTRIBUTES = (Public, ); }; };
		BEB00C971987404500B6206E /* AHLaunchCtl.h in CopyFiles */ = {isa = PBXBuildFile; fileRef = BE76C6FD18A19369003C94A0 /* AHLaunchCtl.h */; };
		BEB00C981987404500B6206E /* AHLaunchJob.h in CopyFiles */ = {isa = PBXBuildFile; fileRef = BEED2D6218A3117A00A1D6C0 /* AHLaunchJob.h */; };
		BEB00C991987404500B6206E /* AHLaunchJobSchedule.h in CopyFiles */ = {isa = PBXBuildFile; fileRef = BE190A4F190C3A7300607787 /* AHLaunchJobSchedule.h */; };
		BEB00C9C1987404500B6206E /* AHAuthorizer.h in CopyFiles */ = {isa = PBXBuildFile; fileRef = BE854D8018AA71D6001548A8 /* AHAuthorizer.h */; };
		BEB00C9D1987404500B6206E /* AHServiceManagement.h in CopyFiles */ = {isa = PBXBuildFile; fileRef = BE6F549818B114CC00826656 /* AHServiceManagement.h */; };
		BEDDB53E18B1554700C16956 /* AHAuthorizer.h in Headers */ = {isa = PBXBuildFile; fileRef = BE854D8018AA71D6001548A8 /* AHAuthorizer.h */; };
		BEED2D6418A3117A00A1D6C0 /* AHLaunchJob.h in Headers */ = {isa = PBXBuildFile; fileRef = BEED2D6218A3117A00A1D6C0 /* AHLaunchJob.h */; settings = {ATTRIBUTES = (Public, ); }; };
		BEED2D6518A3117A00A1D6C0 /* AHLaunchJob.m in Sources */ = {isa = PBXBuildFile; fileRef = BEED2D6318A3117A00A1D6C0 /* AHLaunchJob.m */; };
		BEFC28CB19F0D79D00C35A6F /* AHLaunchCtl_Tests.m in Sources */ = {isa = PBXBuildFile; fileRef = BEFC28CA19F0D79D00C35A6F /* AHLaunchCtl_Tests.m */; };
		BEFC28D119F0D85200C35A6F /* libAHLaunchCtl.a in Frameworks */ = {isa = PBXBuildFile; fileRef = BE76C6F118A19369003C94A0 /* libAHLaunchCtl.a */; };
		BEFC28D219F0D85B00C35A6F /* ServiceManagement.framework in Frameworks */ = {isa = PBXBuildFile; fileRef = BE76C71B18A19B2C003C94A0 /* ServiceManagement.framework */; };
		BEFC28D319F0D86000C35A6F /* Foundation.framework in Frameworks */ = {isa = PBXBuildFile; fileRef = BE76C6F718A19369003C94A0 /* Foundation.framework */; };
		BEFC28D419F0D86600C35A6F /* Security.framework in Frameworks */ = {isa = PBXBuildFile; fileRef = BE5B001018A48412000D8603 /* Security.framework */; };
		BEFC28D519F0D8A500C35A6F /* SystemConfiguration.framework in Frameworks */ = {isa = PBXBuildFile; fileRef = BE76C71D18A19B42003C94A0 /* SystemConfiguration.framework */; };
/* End PBXBuildFile section */

/* Begin PBXContainerItemProxy section */
		BE8C6BE31A9AE39C00E3558C /* PBXContainerItemProxy */ = {
			isa = PBXContainerItemProxy;
			containerPortal = BE76C6E918A19369003C94A0 /* Project object */;
			proxyType = 1;
			remoteGlobalIDString = BE76C6F018A19369003C94A0;
			remoteInfo = AHLaunchCtl;
		};
		BEFC28CF19F0D84A00C35A6F /* PBXContainerItemProxy */ = {
			isa = PBXContainerItemProxy;
			containerPortal = BE76C6E918A19369003C94A0 /* Project object */;
			proxyType = 1;
			remoteGlobalIDString = BE76C6F018A19369003C94A0;
			remoteInfo = AHLaunchCtl;
		};
/* End PBXContainerItemProxy section */

/* Begin PBXCopyFilesBuildPhase section */
		BE8C6BDA1A9AE29F00E3558C /* CopyFiles */ = {
			isa = PBXCopyFilesBuildPhase;
			buildActionMask = 2147483647;
			dstPath = /usr/share/man/man1/;
			dstSubfolderSpec = 0;
			files = (
			);
			runOnlyForDeploymentPostprocessing = 1;
		};
		BEB00C961987402300B6206E /* CopyFiles */ = {
			isa = PBXCopyFilesBuildPhase;
			buildActionMask = 2147483647;
			dstPath = include/AHLaunchCtl;
			dstSubfolderSpec = 16;
			files = (
				BEB00C971987404500B6206E /* AHLaunchCtl.h in CopyFiles */,
				BEB00C981987404500B6206E /* AHLaunchJob.h in CopyFiles */,
				BEB00C991987404500B6206E /* AHLaunchJobSchedule.h in CopyFiles */,
				BEB00C9C1987404500B6206E /* AHAuthorizer.h in CopyFiles */,
				BEB00C9D1987404500B6206E /* AHServiceManagement.h in CopyFiles */,
			);
			runOnlyForDeploymentPostprocessing = 0;
		};
/* End PBXCopyFilesBuildPhase section */

/* Begin PBXFileReference section */
		BE190A4F190C3A7300607787 /* AHLaunchJobSchedule.h */ = {isa = PBXFileReference; fileEncoding = 4; lastKnownFileType = sourcecode.c.h; path = AHLaunchJobSchedule.h; sourceTree = "<group>"; };
		BE190A50190C3A7300607787 /* AHLaunchJobSchedule.m */ = {isa = PBXFileReference; fileEncoding = 4; lastKnownFileType = sourcecode.c.objc; path = AHLaunchJobSchedule.m; sourceTree = "<group>"; };
		BE2C317E1988397300F8044E /* HelperTool-CodeSign.py */ = {isa = PBXFileReference; lastKnownFileType = text.script.python; path = "HelperTool-CodeSign.py"; sourceTree = "<group>"; };
		BE5B001018A48412000D8603 /* Security.framework */ = {isa = PBXFileReference; lastKnownFileType = wrapper.framework; name = Security.framework; path = System/Library/Frameworks/Security.framework; sourceTree = SDKROOT; };
		BE5B001C18A55BAA000D8603 /* Foundation.framework */ = {isa = PBXFileReference; lastKnownFileType = wrapper.framework; name = Foundation.framework; path = System/Library/Frameworks/Foundation.framework; sourceTree = SDKROOT; };
		BE6F549818B114CC00826656 /* AHServiceManagement.h */ = {isa = PBXFileReference; fileEncoding = 4; lastKnownFileType = sourcecode.c.h; path = AHServiceManagement.h; sourceTree = "<group>"; };
		BE6F549918B114CC00826656 /* AHServiceManagement.m */ = {isa = PBXFileReference; fileEncoding = 4; lastKnownFileType = sourcecode.c.objc; path = AHServiceManagement.m; sourceTree = "<group>"; };
		BE76C6F118A19369003C94A0 /* libAHLaunchCtl.a */ = {isa = PBXFileReference; explicitFileType = archive.ar; includeInIndex = 0; path = libAHLaunchCtl.a; sourceTree = BUILT_PRODUCTS_DIR; };
		BE76C6F418A19369003C94A0 /* Cocoa.framework */ = {isa = PBXFileReference; lastKnownFileType = wrapper.framework; name = Cocoa.framework; path = System/Library/Frameworks/Cocoa.framework; sourceTree = SDKROOT; };
		BE76C6F718A19369003C94A0 /* Foundation.framework */ = {isa = PBXFileReference; lastKnownFileType = wrapper.framework; name = Foundation.framework; path = System/Library/Frameworks/Foundation.framework; sourceTree = SDKROOT; };
		BE76C6F818A19369003C94A0 /* CoreData.framework */ = {isa = PBXFileReference; lastKnownFileType = wrapper.framework; name = CoreData.framework; path = System/Library/Frameworks/CoreData.framework; sourceTree = SDKROOT; };
		BE76C6F918A19369003C94A0 /* AppKit.framework */ = {isa = PBXFileReference; lastKnownFileType = wrapper.framework; name = AppKit.framework; path = System/Library/Frameworks/AppKit.framework; sourceTree = SDKROOT; };
		BE76C6FC18A19369003C94A0 /* AHLaunchCtl-Prefix.pch */ = {isa = PBXFileReference; lastKnownFileType = sourcecode.c.h; path = "AHLaunchCtl-Prefix.pch"; sourceTree = "<group>"; };
		BE76C6FD18A19369003C94A0 /* AHLaunchCtl.h */ = {isa = PBXFileReference; lastKnownFileType = sourcecode.c.h; lineEnding = 0; path = AHLaunchCtl.h; sourceTree = "<group>"; xcLanguageSpecificationIdentifier = xcode.lang.objcpp; };
		BE76C6FE18A19369003C94A0 /* AHLaunchCtl.m */ = {isa = PBXFileReference; lastKnownFileType = sourcecode.c.objc; lineEnding = 0; path = AHLaunchCtl.m; sourceTree = "<group>"; xcLanguageSpecificationIdentifier = xcode.lang.objc; };
		BE76C70518A19369003C94A0 /* XCTest.framework */ = {isa = PBXFileReference; lastKnownFileType = wrapper.framework; name = XCTest.framework; path = Library/Frameworks/XCTest.framework; sourceTree = DEVELOPER_DIR; };
		BE76C71B18A19B2C003C94A0 /* ServiceManagement.framework */ = {isa = PBXFileReference; lastKnownFileType = wrapper.framework; name = ServiceManagement.framework; path = System/Library/Frameworks/ServiceManagement.framework; sourceTree = SDKROOT; };
		BE76C71D18A19B42003C94A0 /* SystemConfiguration.framework */ = {isa = PBXFileReference; lastKnownFileType = wrapper.framework; name = SystemConfiguration.framework; path = System/Library/Frameworks/SystemConfiguration.framework; sourceTree = SDKROOT; };
		BE854D8018AA71D6001548A8 /* AHAuthorizer.h */ = {isa = PBXFileReference; fileEncoding = 4; lastKnownFileType = sourcecode.c.h; lineEnding = 0; path = AHAuthorizer.h; sourceTree = "<group>"; xcLanguageSpecificationIdentifier = xcode.lang.objcpp; };
		BE854D8118AA71D6001548A8 /* AHAuthorizer.m */ = {isa = PBXFileReference; fileEncoding = 4; lastKnownFileType = sourcecode.c.objc; lineEnding = 0; path = AHAuthorizer.m; sourceTree = "<group>"; xcLanguageSpecificationIdentifier = xcode.lang.objc; };
		BE8C6BD51A9976AD00E3558C /* AHServiceManagement_Private.h */ = {isa = PBXFileReference; lastKnownFileType = sourcecode.c.h; path = AHServiceManagement_Private.h; sourceTree = "<group>"; };
		BE8C6BDC1A9AE29F00E3558C /* rootTest */ = {isa = PBXFileReference; explicitFileType = "compiled.mach-o.executable"; includeInIndex = 0; path = rootTest; sourceTree = BUILT_PRODUCTS_DIR; };
		BE8C6BDE1A9AE29F00E3558C /* main.m */ = {isa = PBXFileReference; lastKnownFileType = sourcecode.c.objc; path = main.m; sourceTree = "<group>"; };
		BEA75B3F18B531D700CA2672 /* NSFileManger+Privileged.h */ = {isa = PBXFileReference; fileEncoding = 4; lastKnownFileType = sourcecode.c.h; path = "NSFileManger+Privileged.h"; sourceTree = "<group>"; };
		BEA75B4018B531D700CA2672 /* NSFileManger+Privileged.m */ = {isa = PBXFileReference; fileEncoding = 4; lastKnownFileType = sourcecode.c.objc; path = "NSFileManger+Privileged.m"; sourceTree = "<group>"; };
		BEED2D6218A3117A00A1D6C0 /* AHLaunchJob.h */ = {isa = PBXFileReference; fileEncoding = 4; lastKnownFileType = sourcecode.c.h; lineEnding = 0; path = AHLaunchJob.h; sourceTree = "<group>"; xcLanguageSpecificationIdentifier = xcode.lang.objcpp; };
		BEED2D6318A3117A00A1D6C0 /* AHLaunchJob.m */ = {isa = PBXFileReference; fileEncoding = 4; lastKnownFileType = sourcecode.c.objc; lineEnding = 0; path = AHLaunchJob.m; sourceTree = "<group>"; xcLanguageSpecificationIdentifier = xcode.lang.objc; };
		BEFC28C619F0D79D00C35A6F /* AHLaunchCtl Tests.xctest */ = {isa = PBXFileReference; explicitFileType = wrapper.cfbundle; includeInIndex = 0; path = "AHLaunchCtl Tests.xctest"; sourceTree = BUILT_PRODUCTS_DIR; };
		BEFC28C919F0D79D00C35A6F /* Info.plist */ = {isa = PBXFileReference; lastKnownFileType = text.plist.xml; path = Info.plist; sourceTree = "<group>"; };
		BEFC28CA19F0D79D00C35A6F /* AHLaunchCtl_Tests.m */ = {isa = PBXFileReference; lastKnownFileType = sourcecode.c.objc; path = AHLaunchCtl_Tests.m; sourceTree = "<group>"; };
/* End PBXFileReference section */

/* Begin PBXFrameworksBuildPhase section */
		BE76C6EE18A19369003C94A0 /* Frameworks */ = {
			isa = PBXFrameworksBuildPhase;
			buildActionMask = 2147483647;
			files = (
			);
			runOnlyForDeploymentPostprocessing = 0;
		};
		BE8C6BD91A9AE29F00E3558C /* Frameworks */ = {
			isa = PBXFrameworksBuildPhase;
			buildActionMask = 2147483647;
			files = (
				BE8C6BE81A9AE3C200E3558C /* SystemConfiguration.framework in Frameworks */,
				BE8C6BE71A9AE3B700E3558C /* Security.framework in Frameworks */,
				BE8C6BE61A9AE3B000E3558C /* ServiceManagement.framework in Frameworks */,
				BE8C6BE51A9AE3A400E3558C /* libAHLaunchCtl.a in Frameworks */,
			);
			runOnlyForDeploymentPostprocessing = 0;
		};
		BEFC28C319F0D79D00C35A6F /* Frameworks */ = {
			isa = PBXFrameworksBuildPhase;
			buildActionMask = 2147483647;
			files = (
				BEFC28D519F0D8A500C35A6F /* SystemConfiguration.framework in Frameworks */,
				BEFC28D419F0D86600C35A6F /* Security.framework in Frameworks */,
				BEFC28D319F0D86000C35A6F /* Foundation.framework in Frameworks */,
				BEFC28D219F0D85B00C35A6F /* ServiceManagement.framework in Frameworks */,
				BEFC28D119F0D85200C35A6F /* libAHLaunchCtl.a in Frameworks */,
			);
			runOnlyForDeploymentPostprocessing = 0;
		};
/* End PBXFrameworksBuildPhase section */

/* Begin PBXGroup section */
		BE76C6E818A19369003C94A0 = {
			isa = PBXGroup;
			children = (
				BE2C317E1988397300F8044E /* HelperTool-CodeSign.py */,
				BE76C6FA18A19369003C94A0 /* AHLaunchCtl */,
				BEFC28C719F0D79D00C35A6F /* AHLaunchCtl Tests */,
				BE8C6BDD1A9AE29F00E3558C /* AHLaunchCtl Root Test */,
				BE76C6F318A19369003C94A0 /* Frameworks */,
				BE76C6F218A19369003C94A0 /* Products */,
			);
			sourceTree = "<group>";
		};
		BE76C6F218A19369003C94A0 /* Products */ = {
			isa = PBXGroup;
			children = (
				BE76C6F118A19369003C94A0 /* libAHLaunchCtl.a */,
				BEFC28C619F0D79D00C35A6F /* AHLaunchCtl Tests.xctest */,
				BE8C6BDC1A9AE29F00E3558C /* rootTest */,
			);
			name = Products;
			sourceTree = "<group>";
		};
		BE76C6F318A19369003C94A0 /* Frameworks */ = {
			isa = PBXGroup;
			children = (
				BE5B001018A48412000D8603 /* Security.framework */,
				BE76C71D18A19B42003C94A0 /* SystemConfiguration.framework */,
				BE76C71B18A19B2C003C94A0 /* ServiceManagement.framework */,
				BE76C6F418A19369003C94A0 /* Cocoa.framework */,
				BE76C70518A19369003C94A0 /* XCTest.framework */,
				BE5B001C18A55BAA000D8603 /* Foundation.framework */,
				BE76C6F618A19369003C94A0 /* Other Frameworks */,
			);
			name = Frameworks;
			sourceTree = "<group>";
		};
		BE76C6F618A19369003C94A0 /* Other Frameworks */ = {
			isa = PBXGroup;
			children = (
				BE76C6F718A19369003C94A0 /* Foundation.framework */,
				BE76C6F818A19369003C94A0 /* CoreData.framework */,
				BE76C6F918A19369003C94A0 /* AppKit.framework */,
			);
			name = "Other Frameworks";
			sourceTree = "<group>";
		};
		BE76C6FA18A19369003C94A0 /* AHLaunchCtl */ = {
			isa = PBXGroup;
			children = (
				BE76C6FD18A19369003C94A0 /* AHLaunchCtl.h */,
				BE76C6FE18A19369003C94A0 /* AHLaunchCtl.m */,
				BEED2D6218A3117A00A1D6C0 /* AHLaunchJob.h */,
				BEED2D6318A3117A00A1D6C0 /* AHLaunchJob.m */,
				BE190A4F190C3A7300607787 /* AHLaunchJobSchedule.h */,
				BE190A50190C3A7300607787 /* AHLaunchJobSchedule.m */,
				BE854D8018AA71D6001548A8 /* AHAuthorizer.h */,
				BE854D8118AA71D6001548A8 /* AHAuthorizer.m */,
				BE6F549818B114CC00826656 /* AHServiceManagement.h */,
				BE6F549918B114CC00826656 /* AHServiceManagement.m */,
				BE8C6BD51A9976AD00E3558C /* AHServiceManagement_Private.h */,
				BE76C6FB18A19369003C94A0 /* Supporting Files */,
			);
			path = AHLaunchCtl;
			sourceTree = "<group>";
		};
		BE76C6FB18A19369003C94A0 /* Supporting Files */ = {
			isa = PBXGroup;
			children = (
				BE8EA57218B7A286008BEE58 /* Categories */,
				BE76C6FC18A19369003C94A0 /* AHLaunchCtl-Prefix.pch */,
			);
			name = "Supporting Files";
			sourceTree = "<group>";
		};
		BE8C6BDD1A9AE29F00E3558C /* AHLaunchCtl Root Test */ = {
			isa = PBXGroup;
			children = (
				BE8C6BDE1A9AE29F00E3558C /* main.m */,
			);
			name = "AHLaunchCtl Root Test";
			path = rootTest;
			sourceTree = "<group>";
		};
		BE8EA57218B7A286008BEE58 /* Categories */ = {
			isa = PBXGroup;
			children = (
				BEA75B3F18B531D700CA2672 /* NSFileManger+Privileged.h */,
				BEA75B4018B531D700CA2672 /* NSFileManger+Privileged.m */,
			);
			name = Categories;
			sourceTree = "<group>";
		};
		BEFC28C719F0D79D00C35A6F /* AHLaunchCtl Tests */ = {
			isa = PBXGroup;
			children = (
				BEFC28CA19F0D79D00C35A6F /* AHLaunchCtl_Tests.m */,
				BEFC28C819F0D79D00C35A6F /* Supporting Files */,
			);
			path = "AHLaunchCtl Tests";
			sourceTree = "<group>";
		};
		BEFC28C819F0D79D00C35A6F /* Supporting Files */ = {
			isa = PBXGroup;
			children = (
				BEFC28C919F0D79D00C35A6F /* Info.plist */,
			);
			name = "Supporting Files";
			sourceTree = "<group>";
		};
/* End PBXGroup section */

/* Begin PBXHeadersBuildPhase section */
		BE76C6EF18A19369003C94A0 /* Headers */ = {
			isa = PBXHeadersBuildPhase;
			buildActionMask = 2147483647;
			files = (
				BEAB0DD118AD4A0D004EE2FD /* AHLaunchCtl.h in Headers */,
				BEED2D6418A3117A00A1D6C0 /* AHLaunchJob.h in Headers */,
				BE190A51190C3A7300607787 /* AHLaunchJobSchedule.h in Headers */,
				BEDDB53E18B1554700C16956 /* AHAuthorizer.h in Headers */,
				BE6F549A18B114CC00826656 /* AHServiceManagement.h in Headers */,
			);
			runOnlyForDeploymentPostprocessing = 0;
		};
/* End PBXHeadersBuildPhase section */

/* Begin PBXNativeTarget section */
		BE76C6F018A19369003C94A0 /* AHLaunchCtl */ = {
			isa = PBXNativeTarget;
			buildConfigurationList = BE76C71518A19369003C94A0 /* Build configuration list for PBXNativeTarget "AHLaunchCtl" */;
			buildPhases = (
				BE76C6ED18A19369003C94A0 /* Sources */,
				BEB00C961987402300B6206E /* CopyFiles */,
				BE76C6EE18A19369003C94A0 /* Frameworks */,
				BE76C6EF18A19369003C94A0 /* Headers */,
			);
			buildRules = (
			);
			dependencies = (
			);
			name = AHLaunchCtl;
			productName = AHLaunchCtl;
			productReference = BE76C6F118A19369003C94A0 /* libAHLaunchCtl.a */;
			productType = "com.apple.product-type.library.static";
		};
		BE8C6BDB1A9AE29F00E3558C /* rootTest */ = {
			isa = PBXNativeTarget;
			buildConfigurationList = BE8C6BE21A9AE29F00E3558C /* Build configuration list for PBXNativeTarget "rootTest" */;
			buildPhases = (
				BE8C6BD81A9AE29F00E3558C /* Sources */,
				BE8C6BD91A9AE29F00E3558C /* Frameworks */,
				BE8C6BDA1A9AE29F00E3558C /* CopyFiles */,
			);
			buildRules = (
			);
			dependencies = (
				BE8C6BE41A9AE39C00E3558C /* PBXTargetDependency */,
			);
			name = rootTest;
			productName = rootTest;
			productReference = BE8C6BDC1A9AE29F00E3558C /* rootTest */;
			productType = "com.apple.product-type.tool";
		};
		BEFC28C519F0D79D00C35A6F /* AHLaunchCtl Tests */ = {
			isa = PBXNativeTarget;
			buildConfigurationList = BEFC28CC19F0D79D00C35A6F /* Build configuration list for PBXNativeTarget "AHLaunchCtl Tests" */;
			buildPhases = (
				BEFC28C219F0D79D00C35A6F /* Sources */,
				BEFC28C319F0D79D00C35A6F /* Frameworks */,
				BEFC28C419F0D79D00C35A6F /* Resources */,
			);
			buildRules = (
			);
			dependencies = (
				BEFC28D019F0D84A00C35A6F /* PBXTargetDependency */,
			);
			name = "AHLaunchCtl Tests";
			productName = "AHLaunchCtl Tests";
			productReference = BEFC28C619F0D79D00C35A6F /* AHLaunchCtl Tests.xctest */;
			productType = "com.apple.product-type.bundle.unit-test";
		};
/* End PBXNativeTarget section */

/* Begin PBXProject section */
		BE76C6E918A19369003C94A0 /* Project object */ = {
			isa = PBXProject;
			attributes = {
				LastUpgradeCheck = 0600;
				ORGANIZATIONNAME = "Eldon Ahrold";
				TargetAttributes = {
					BE8C6BDB1A9AE29F00E3558C = {
						CreatedOnToolsVersion = 6.1;
					};
					BEFC28C519F0D79D00C35A6F = {
						CreatedOnToolsVersion = 6.0.1;
					};
				};
			};
			buildConfigurationList = BE76C6EC18A19369003C94A0 /* Build configuration list for PBXProject "AHLaunchCtl" */;
			compatibilityVersion = "Xcode 3.2";
			developmentRegion = English;
			hasScannedForEncodings = 0;
			knownRegions = (
				en,
				Base,
			);
			mainGroup = BE76C6E818A19369003C94A0;
			productRefGroup = BE76C6F218A19369003C94A0 /* Products */;
			projectDirPath = "";
			projectRoot = "";
			targets = (
				BE76C6F018A19369003C94A0 /* AHLaunchCtl */,
				BEFC28C519F0D79D00C35A6F /* AHLaunchCtl Tests */,
				BE8C6BDB1A9AE29F00E3558C /* rootTest */,
			);
		};
/* End PBXProject section */

/* Begin PBXResourcesBuildPhase section */
		BEFC28C419F0D79D00C35A6F /* Resources */ = {
			isa = PBXResourcesBuildPhase;
			buildActionMask = 2147483647;
			files = (
			);
			runOnlyForDeploymentPostprocessing = 0;
		};
/* End PBXResourcesBuildPhase section */

/* Begin PBXSourcesBuildPhase section */
		BE76C6ED18A19369003C94A0 /* Sources */ = {
			isa = PBXSourcesBuildPhase;
			buildActionMask = 2147483647;
			files = (
				BE8EA57318B7ABC9008BEE58 /* NSFileManger+Privileged.m in Sources */,
				BE190A52190C3A7300607787 /* AHLaunchJobSchedule.m in Sources */,
				BE76C6FF18A19369003C94A0 /* AHLaunchCtl.m in Sources */,
				BEED2D6518A3117A00A1D6C0 /* AHLaunchJob.m in Sources */,
				BE6F549B18B114CC00826656 /* AHServiceManagement.m in Sources */,
				BE854D8318AA71D6001548A8 /* AHAuthorizer.m in Sources */,
			);
			runOnlyForDeploymentPostprocessing = 0;
		};
		BE8C6BD81A9AE29F00E3558C /* Sources */ = {
			isa = PBXSourcesBuildPhase;
			buildActionMask = 2147483647;
			files = (
				BE8C6BDF1A9AE29F00E3558C /* main.m in Sources */,
			);
			runOnlyForDeploymentPostprocessing = 0;
		};
		BEFC28C219F0D79D00C35A6F /* Sources */ = {
			isa = PBXSourcesBuildPhase;
			buildActionMask = 2147483647;
			files = (
				BEFC28CB19F0D79D00C35A6F /* AHLaunchCtl_Tests.m in Sources */,
			);
			runOnlyForDeploymentPostprocessing = 0;
		};
/* End PBXSourcesBuildPhase section */

/* Begin PBXTargetDependency section */
		BE8C6BE41A9AE39C00E3558C /* PBXTargetDependency */ = {
			isa = PBXTargetDependency;
			target = BE76C6F018A19369003C94A0 /* AHLaunchCtl */;
			targetProxy = BE8C6BE31A9AE39C00E3558C /* PBXContainerItemProxy */;
		};
		BEFC28D019F0D84A00C35A6F /* PBXTargetDependency */ = {
			isa = PBXTargetDependency;
			target = BE76C6F018A19369003C94A0 /* AHLaunchCtl */;
			targetProxy = BEFC28CF19F0D84A00C35A6F /* PBXContainerItemProxy */;
		};
/* End PBXTargetDependency section */

/* Begin XCBuildConfiguration section */
		BE76C71318A19369003C94A0 /* Debug */ = {
			isa = XCBuildConfiguration;
			buildSettings = {
				ALWAYS_SEARCH_USER_PATHS = NO;
				CLANG_CXX_LANGUAGE_STANDARD = "gnu++0x";
				CLANG_CXX_LIBRARY = "libc++";
				CLANG_ENABLE_OBJC_ARC = YES;
				CLANG_WARN_BOOL_CONVERSION = YES;
				CLANG_WARN_CONSTANT_CONVERSION = YES;
				CLANG_WARN_DIRECT_OBJC_ISA_USAGE = YES_ERROR;
				CLANG_WARN_EMPTY_BODY = YES;
				CLANG_WARN_ENUM_CONVERSION = YES;
				CLANG_WARN_INT_CONVERSION = YES;
				CLANG_WARN_OBJC_ROOT_CLASS = YES_ERROR;
				CLANG_WARN__DUPLICATE_METHOD_MATCH = YES;
				COPY_PHASE_STRIP = NO;
				GCC_C_LANGUAGE_STANDARD = gnu99;
				GCC_DYNAMIC_NO_PIC = NO;
				GCC_ENABLE_OBJC_EXCEPTIONS = YES;
				GCC_OPTIMIZATION_LEVEL = 0;
				GCC_PREPROCESSOR_DEFINITIONS = (
					"DEBUG=1",
					"$(inherited)",
				);
				GCC_SYMBOLS_PRIVATE_EXTERN = NO;
				GCC_WARN_64_TO_32_BIT_CONVERSION = YES;
				GCC_WARN_ABOUT_RETURN_TYPE = YES_ERROR;
				GCC_WARN_UNDECLARED_SELECTOR = YES;
				GCC_WARN_UNINITIALIZED_AUTOS = YES;
				GCC_WARN_UNUSED_FUNCTION = YES;
				GCC_WARN_UNUSED_VARIABLE = YES;
				MACOSX_DEPLOYMENT_TARGET = 10.8;
				ONLY_ACTIVE_ARCH = YES;
				SDKROOT = macosx;
			};
			name = Debug;
		};
		BE76C71418A19369003C94A0 /* Release */ = {
			isa = XCBuildConfiguration;
			buildSettings = {
				ALWAYS_SEARCH_USER_PATHS = NO;
				CLANG_CXX_LANGUAGE_STANDARD = "gnu++0x";
				CLANG_CXX_LIBRARY = "libc++";
				CLANG_ENABLE_OBJC_ARC = YES;
				CLANG_WARN_BOOL_CONVERSION = YES;
				CLANG_WARN_CONSTANT_CONVERSION = YES;
				CLANG_WARN_DIRECT_OBJC_ISA_USAGE = YES_ERROR;
				CLANG_WARN_EMPTY_BODY = YES;
				CLANG_WARN_ENUM_CONVERSION = YES;
				CLANG_WARN_INT_CONVERSION = YES;
				CLANG_WARN_OBJC_ROOT_CLASS = YES_ERROR;
				CLANG_WARN__DUPLICATE_METHOD_MATCH = YES;
				COPY_PHASE_STRIP = YES;
				DEBUG_INFORMATION_FORMAT = "dwarf-with-dsym";
				ENABLE_NS_ASSERTIONS = NO;
				GCC_C_LANGUAGE_STANDARD = gnu99;
				GCC_ENABLE_OBJC_EXCEPTIONS = YES;
				GCC_WARN_64_TO_32_BIT_CONVERSION = YES;
				GCC_WARN_ABOUT_RETURN_TYPE = YES_ERROR;
				GCC_WARN_UNDECLARED_SELECTOR = YES;
				GCC_WARN_UNINITIALIZED_AUTOS = YES;
				GCC_WARN_UNUSED_FUNCTION = YES;
				GCC_WARN_UNUSED_VARIABLE = YES;
				MACOSX_DEPLOYMENT_TARGET = 10.8;
				SDKROOT = macosx;
			};
			name = Release;
		};
		BE76C71618A19369003C94A0 /* Debug */ = {
			isa = XCBuildConfiguration;
			buildSettings = {
				CODE_SIGN_IDENTITY = "Mac Developer";
				COMBINE_HIDPI_IMAGES = YES;
				GCC_PRECOMPILE_PREFIX_HEADER = YES;
				GCC_PREFIX_HEADER = "AHLaunchCtl/AHLaunchCtl-Prefix.pch";
				INSTALL_PATH = /usr/local/lib;
				MACOSX_DEPLOYMENT_TARGET = 10.8;
				OTHER_LDFLAGS = "";
				PRIVATE_HEADERS_FOLDER_PATH = /usr/local/include;
				PRODUCT_NAME = "$(TARGET_NAME)";
				PUBLIC_HEADERS_FOLDER_PATH = /usr/local/include;
				SDKROOT = macosx;
			};
			name = Debug;
		};
		BE76C71718A19369003C94A0 /* Release */ = {
			isa = XCBuildConfiguration;
			buildSettings = {
				CODE_SIGN_IDENTITY = "Mac Developer";
				COMBINE_HIDPI_IMAGES = YES;
				GCC_PRECOMPILE_PREFIX_HEADER = YES;
				GCC_PREFIX_HEADER = "AHLaunchCtl/AHLaunchCtl-Prefix.pch";
				INSTALL_PATH = /usr/local/lib;
				MACOSX_DEPLOYMENT_TARGET = 10.8;
				OTHER_LDFLAGS = "";
				PRIVATE_HEADERS_FOLDER_PATH = /usr/local/include;
				PRODUCT_NAME = "$(TARGET_NAME)";
				PUBLIC_HEADERS_FOLDER_PATH = /usr/local/include;
				SDKROOT = macosx;
			};
			name = Release;
		};
		BE8C6BE01A9AE29F00E3558C /* Debug */ = {
			isa = XCBuildConfiguration;
			buildSettings = {
				CLANG_ENABLE_MODULES = YES;
				CLANG_WARN_UNREACHABLE_CODE = YES;
				ENABLE_STRICT_OBJC_MSGSEND = YES;
				GCC_PREPROCESSOR_DEFINITIONS = (
					"DEBUG=1",
					"$(inherited)",
				);
				GCC_WARN_UNINITIALIZED_AUTOS = YES_AGGRESSIVE;
				MACOSX_DEPLOYMENT_TARGET = 10.9;
				MTL_ENABLE_DEBUG_INFO = YES;
				PRODUCT_NAME = "$(TARGET_NAME)";
			};
			name = Debug;
		};
		BE8C6BE11A9AE29F00E3558C /* Release */ = {
			isa = XCBuildConfiguration;
			buildSettings = {
				CLANG_ENABLE_MODULES = YES;
				CLANG_WARN_UNREACHABLE_CODE = YES;
				ENABLE_STRICT_OBJC_MSGSEND = YES;
				GCC_WARN_UNINITIALIZED_AUTOS = YES_AGGRESSIVE;
				MACOSX_DEPLOYMENT_TARGET = 10.9;
				MTL_ENABLE_DEBUG_INFO = NO;
				PRODUCT_NAME = "$(TARGET_NAME)";
			};
			name = Release;
		};
		BEFC28CD19F0D79D00C35A6F /* Debug */ = {
			isa = XCBuildConfiguration;
			buildSettings = {
				CLANG_ENABLE_MODULES = YES;
				CLANG_WARN_UNREACHABLE_CODE = YES;
				COMBINE_HIDPI_IMAGES = YES;
				ENABLE_STRICT_OBJC_MSGSEND = YES;
				FRAMEWORK_SEARCH_PATHS = (
					"$(DEVELOPER_FRAMEWORKS_DIR)",
					"$(inherited)",
				);
				GCC_PREPROCESSOR_DEFINITIONS = (
					"DEBUG=1",
					"$(inherited)",
				);
				GCC_WARN_UNINITIALIZED_AUTOS = YES_AGGRESSIVE;
				INFOPLIST_FILE = "AHLaunchCtl Tests/Info.plist";
				LD_RUNPATH_SEARCH_PATHS = "$(inherited) @executable_path/../Frameworks @loader_path/../Frameworks";
				MACOSX_DEPLOYMENT_TARGET = 10.9;
				MTL_ENABLE_DEBUG_INFO = YES;
				PRODUCT_NAME = "$(TARGET_NAME)";
			};
			name = Debug;
		};
		BEFC28CE19F0D79D00C35A6F /* Release */ = {
			isa = XCBuildConfiguration;
			buildSettings = {
				CLANG_ENABLE_MODULES = YES;
				CLANG_WARN_UNREACHABLE_CODE = YES;
				COMBINE_HIDPI_IMAGES = YES;
				ENABLE_STRICT_OBJC_MSGSEND = YES;
				FRAMEWORK_SEARCH_PATHS = (
					"$(DEVELOPER_FRAMEWORKS_DIR)",
					"$(inherited)",
				);
				GCC_WARN_UNINITIALIZED_AUTOS = YES_AGGRESSIVE;
				INFOPLIST_FILE = "AHLaunchCtl Tests/Info.plist";
				LD_RUNPATH_SEARCH_PATHS = "$(inherited) @executable_path/../Frameworks @loader_path/../Frameworks";
				MACOSX_DEPLOYMENT_TARGET = 10.9;
				MTL_ENABLE_DEBUG_INFO = NO;
				PRODUCT_NAME = "$(TARGET_NAME)";
			};
			name = Release;
		};
/* End XCBuildConfiguration section */

/* Begin XCConfigurationList section */
		BE76C6EC18A19369003C94A0 /* Build configuration list for PBXProject "AHLaunchCtl" */ = {
			isa = XCConfigurationList;
			buildConfigurations = (
				BE76C71318A19369003C94A0 /* Debug */,
				BE76C71418A19369003C94A0 /* Release */,
			);
			defaultConfigurationIsVisible = 0;
			defaultConfigurationName = Release;
		};
		BE76C71518A19369003C94A0 /* Build configuration list for PBXNativeTarget "AHLaunchCtl" */ = {
			isa = XCConfigurationList;
			buildConfigurations = (
				BE76C71618A19369003C94A0 /* Debug */,
				BE76C71718A19369003C94A0 /* Release */,
			);
			defaultConfigurationIsVisible = 0;
			defaultConfigurationName = Release;
		};
		BE8C6BE21A9AE29F00E3558C /* Build configuration list for PBXNativeTarget "rootTest" */ = {
			isa = XCConfigurationList;
			buildConfigurations = (
				BE8C6BE01A9AE29F00E3558C /* Debug */,
				BE8C6BE11A9AE29F00E3558C /* Release */,
			);
			defaultConfigurationIsVisible = 0;
		};
		BEFC28CC19F0D79D00C35A6F /* Build configuration list for PBXNativeTarget "AHLaunchCtl Tests" */ = {
			isa = XCConfigurationList;
			buildConfigurations = (
				BEFC28CD19F0D79D00C35A6F /* Debug */,
				BEFC28CE19F0D79D00C35A6F /* Release */,
			);
			defaultConfigurationIsVisible = 0;
			defaultConfigurationName = Release;
		};
/* End XCConfigurationList section */
	};
	rootObject = BE76C6E918A19369003C94A0 /* Project object */;
}
